
Microsoft Visual Studio Solution File, Format Version 12.00
# Visual Studio 15
Project("{FAE04EC0-301F-11D3-BF4B-00C04F79EFBC}") = "Meryel.CodeAssist.Editor", "Meryel.CodeAssist.Editor.csproj", "{93EAC989-7E51-E1AB-6B6C-FEE27F84A37A}"
EndProject
Project("{FAE04EC0-301F-11D3-BF4B-00C04F79EFBC}") = "Assembly-CSharp", "Assembly-CSharp.csproj", "{0FC901A7-77C5-970A-EECB-241282E224D7}"
EndProject
Project("{FAE04EC0-301F-11D3-BF4B-00C04F79EFBC}") = "Assembly-CSharp", "Assembly-CSharp.Player.csproj", "{42D44FD4-B525-9036-DDF6-F8120218A1D6}"
EndProject
Global
	GlobalSection(SolutionConfigurationPlatforms) = preSolution
		Debug|Any CPU = Debug|Any CPU
		Release|Any CPU = Release|Any CPU
	EndGlobalSection
	GlobalSection(ProjectConfigurationPlatforms) = postSolution
		{93EAC989-7E51-E1AB-6B6C-FEE27F84A37A}.Debug|Any CPU.ActiveCfg = Debug|Any CPU
		{93EAC989-7E51-E1AB-6B6C-FEE27F84A37A}.Debug|Any CPU.Build.0 = Debug|Any CPU
		{93EAC989-7E51-E1AB-6B6C-FEE27F84A37A}.Release|Any CPU.ActiveCfg = Release|Any CPU
		{93EAC989-7E51-E1AB-6B6C-FEE27F84A37A}.Release|Any CPU.Build.0 = Release|Any CPU
		{0FC901A7-77C5-970A-EECB-241282E224D7}.Debug|Any CPU.ActiveCfg = Debug|Any CPU
		{0FC901A7-77C5-970A-EECB-241282E224D7}.Debug|Any CPU.Build.0 = Debug|Any CPU
		{0FC901A7-77C5-970A-EECB-241282E224D7}.Release|Any CPU.ActiveCfg = Release|Any CPU
		{0FC901A7-77C5-970A-EECB-241282E224D7}.Release|Any CPU.Build.0 = Release|Any CPU
		{42D44FD4-B525-9036-DDF6-F8120218A1D6}.Debug|Any CPU.ActiveCfg = Debug|Any CPU
		{42D44FD4-B525-9036-DDF6-F8120218A1D6}.Debug|Any CPU.Build.0 = Debug|Any CPU
		{42D44FD4-B525-9036-DDF6-F8120218A1D6}.Release|Any CPU.ActiveCfg = Release|Any CPU
		{42D44FD4-B525-9036-DDF6-F8120218A1D6}.Release|Any CPU.Build.0 = Release|Any CPU
	EndGlobalSection
	GlobalSection(SolutionProperties) = preSolution
		HideSolutionNode = FALSE
	EndGlobalSection
EndGlobal
