
Microsoft Visual Studio Solution File, Format Version 12.00
# Visual Studio 15
Project("{FAE04EC0-301F-11D3-BF4B-00C04F79EFBC}") = "Meryel.CodeAssist.Editor", "Meryel.CodeAssist.Editor.csproj", "{B0156437-FA32-F5CE-5D0D-CEC99898AB2B}"
EndProject
Project("{FAE04EC0-301F-11D3-BF4B-00C04F79EFBC}") = "Assembly-CSharp", "Assembly-CSharp.csproj", "{1EFEBCB9-05F4-E0EA-FD83-07A80C6AF6A3}"
EndProject
Project("{FAE04EC0-301F-11D3-BF4B-00C04F79EFBC}") = "Assembly-CSharp-Editor", "Assembly-CSharp-Editor.csproj", "{2CB232BB-A659-9DAD-9A4D-DB01B8313F59}"
EndProject
Project("{FAE04EC0-301F-11D3-BF4B-00C04F79EFBC}") = "Assembly-CSharp", "Assembly-CSharp.Player.csproj", "{3F89F5C3-54F2-AA4A-8340-764828F523EA}"
EndProject
Global
	GlobalSection(SolutionConfigurationPlatforms) = preSolution
		Debug|Any CPU = Debug|Any CPU
		Release|Any CPU = Release|Any CPU
	EndGlobalSection
	GlobalSection(ProjectConfigurationPlatforms) = postSolution
		{B0156437-FA32-F5CE-5D0D-CEC99898AB2B}.Debug|Any CPU.ActiveCfg = Debug|Any CPU
		{B0156437-FA32-F5CE-5D0D-CEC99898AB2B}.Debug|Any CPU.Build.0 = Debug|Any CPU
		{B0156437-FA32-F5CE-5D0D-CEC99898AB2B}.Release|Any CPU.ActiveCfg = Release|Any CPU
		{B0156437-FA32-F5CE-5D0D-CEC99898AB2B}.Release|Any CPU.Build.0 = Release|Any CPU
		{1EFEBCB9-05F4-E0EA-FD83-07A80C6AF6A3}.Debug|Any CPU.ActiveCfg = Debug|Any CPU
		{1EFEBCB9-05F4-E0EA-FD83-07A80C6AF6A3}.Debug|Any CPU.Build.0 = Debug|Any CPU
		{1EFEBCB9-05F4-E0EA-FD83-07A80C6AF6A3}.Release|Any CPU.ActiveCfg = Release|Any CPU
		{1EFEBCB9-05F4-E0EA-FD83-07A80C6AF6A3}.Release|Any CPU.Build.0 = Release|Any CPU
		{2CB232BB-A659-9DAD-9A4D-DB01B8313F59}.Debug|Any CPU.ActiveCfg = Debug|Any CPU
		{2CB232BB-A659-9DAD-9A4D-DB01B8313F59}.Debug|Any CPU.Build.0 = Debug|Any CPU
		{2CB232BB-A659-9DAD-9A4D-DB01B8313F59}.Release|Any CPU.ActiveCfg = Release|Any CPU
		{2CB232BB-A659-9DAD-9A4D-DB01B8313F59}.Release|Any CPU.Build.0 = Release|Any CPU
		{3F89F5C3-54F2-AA4A-8340-764828F523EA}.Debug|Any CPU.ActiveCfg = Debug|Any CPU
		{3F89F5C3-54F2-AA4A-8340-764828F523EA}.Debug|Any CPU.Build.0 = Debug|Any CPU
		{3F89F5C3-54F2-AA4A-8340-764828F523EA}.Release|Any CPU.ActiveCfg = Release|Any CPU
		{3F89F5C3-54F2-AA4A-8340-764828F523EA}.Release|Any CPU.Build.0 = Release|Any CPU
	EndGlobalSection
	GlobalSection(SolutionProperties) = preSolution
		HideSolutionNode = FALSE
	EndGlobalSection
EndGlobal
